<?xml version="1.0" encoding="UTF-8" standalone="yes" ?>
<CodeBlocks_project_file>
	<FileVersion major="1" minor="6" />
	<Project>
        <Unit filename="include/Chair.h" />
		<Unit filename="include/Cilindro.h" />
		<Unit filename="include/Cube.h" />
		<Unit filename="include/Door.h" /> <Unit filename="include/Esfera.h" />
		<Unit filename="include/Floor.h" />
		<Unit filename="include/Lamp.h" />
        <Unit filename="include/Quarto.h" />
		<Unit filename="include/Rack.h" />
		<Unit filename="include/Sala.h" />
        <Unit filename="src/Chair.cpp" />
		<Unit filename="src/Cilindro.cpp" />
		<Unit filename="src/Cube.cpp" />
		<Unit filename="src/Door.cpp" /> <Unit filename="src/Esfera.cpp" />
		<Unit filename="src/Floor.cpp" />
		<Unit filename="src/Lamp.cpp" />
        <Unit filename="src/Quarto.cpp" />
		<Unit filename="src/Rack.cpp" />
		<Unit filename="src/Sala.cpp" />
		<Unit filename="src/Sofa.cpp" />
        </Project>
</CodeBlocks_project_file>